GEM
  remote: http://rubygems.org/
  specs:
    addressable (2.2.6)
    data_objects (0.10.6)
      addressable (~> 2.1)
    dm-core (1.1.0)
      addressable (~> 2.2.4)
    dm-do-adapter (1.1.0)
      data_objects (~> 0.10.2)
      dm-core (~> 1.1.0)
    dm-migrations (1.1.0)
      dm-core (~> 1.1.0)
    dm-postgres-adapter (1.1.0)
      dm-do-adapter (~> 1.1.0)
      do_postgres (~> 0.10.2)
    dm-sqlite-adapter (1.1.0)
      dm-do-adapter (~> 1.1.0)
      do_sqlite3 (~> 0.10.2)
    do_postgres (0.10.6)
      data_objects (= 0.10.6)
    do_sqlite3 (0.10.6)
      data_objects (= 0.10.6)
    json (1.5.3)
    rack (1.2.2)
    sinatra (1.2.1)
      rack (~> 1.1)
      tilt (< 2.0, >= 1.2.2)
    tilt (1.2.2)

PLATFORMS
  ruby

DEPENDENCIES
  dm-core
  dm-migrations
  dm-postgres-adapter
  dm-sqlite-adapter
  do_postgres
  json
  sinatra
